{
  "name": "webwerf-wh-videos",
  "version": "1.0.0",
  "lockfileVersion": 1,
  "requires": true,
  "dependencies": {
    "mediabox": {
      "version": "1.1.2",
      "resolved": "https://registry.npmjs.org/mediabox/-/mediabox-1.1.2.tgz",
      "integrity": "sha1-YhT9XnbugWeQubQtJQVcInTLWbk="
    }
  }
}
